// !$*UTF8*$!
{
	archiveVersion = 1;
	classes = {
	};
	objectVersion = 56;
	objects = {

/* Begin PBXBuildFile section */
		671F06002B32A1FF00E093F0 /* MemoModel.swift in Sources */ = {isa = PBXBuildFile; fileRef = 671F05FF2B32A1FF00E093F0 /* MemoModel.swift */; };
		671F06022B32A3FD00E093F0 /* MemoListView.swift in Sources */ = {isa = PBXBuildFile; fileRef = 671F06012B32A3FD00E093F0 /* MemoListView.swift */; };
		671F06042B32A40900E093F0 /* MemoListViewModel.swift in Sources */ = {isa = PBXBuildFile; fileRef = 671F06032B32A40900E093F0 /* MemoListViewModel.swift */; };
		671F06062B32A49600E093F0 /* MemoViewModel.swift in Sources */ = {isa = PBXBuildFile; fileRef = 671F06052B32A49600E093F0 /* MemoViewModel.swift */; };
		672E397B2B5B8ADD00C6E085 /* Double+Extension.swift in Sources */ = {isa = PBXBuildFile; fileRef = 672E397A2B5B8ADD00C6E085 /* Double+Extension.swift */; };
		672E397D2B5B907B00C6E085 /* HomeViewModel.swift in Sources */ = {isa = PBXBuildFile; fileRef = 672E397C2B5B907B00C6E085 /* HomeViewModel.swift */; };
		672E39802B5B90B800C6E085 /* VoiceRecoderViewModel.swift in Sources */ = {isa = PBXBuildFile; fileRef = 672E397F2B5B90B800C6E085 /* VoiceRecoderViewModel.swift */; };
		672E39842B5C021000C6E085 /* VoiceRecoderView.swift in Sources */ = {isa = PBXBuildFile; fileRef = 672E39832B5C021000C6E085 /* VoiceRecoderView.swift */; };
		673652D92B1A144D000D427A /* Date+Extension.swift in Sources */ = {isa = PBXBuildFile; fileRef = 673652D82B1A144D000D427A /* Date+Extension.swift */; };
		673652DC2B1A1C7E000D427A /* CustomNavigationBar.swift in Sources */ = {isa = PBXBuildFile; fileRef = 673652DB2B1A1C7E000D427A /* CustomNavigationBar.swift */; };
		673652DE2B1A1D58000D427A /* NavigationBtnType.swift in Sources */ = {isa = PBXBuildFile; fileRef = 673652DD2B1A1D58000D427A /* NavigationBtnType.swift */; };
		6776E3502B1B7332003D3A70 /* TodoModel.swift in Sources */ = {isa = PBXBuildFile; fileRef = 6776E34F2B1B7332003D3A70 /* TodoModel.swift */; };
		6776E3522B1B74ED003D3A70 /* TodoListView.swift in Sources */ = {isa = PBXBuildFile; fileRef = 6776E3512B1B74ED003D3A70 /* TodoListView.swift */; };
		6776E3542B1B752D003D3A70 /* TodoListViewModel.swift in Sources */ = {isa = PBXBuildFile; fileRef = 6776E3532B1B752D003D3A70 /* TodoListViewModel.swift */; };
		6776E3562B1E0D49003D3A70 /* TodoViewModel.swift in Sources */ = {isa = PBXBuildFile; fileRef = 6776E3552B1E0D49003D3A70 /* TodoViewModel.swift */; };
		67AF57EC2B171CA600712870 /* LaunchScreen.storyboard in Resources */ = {isa = PBXBuildFile; fileRef = 67AF57EB2B171CA600712870 /* LaunchScreen.storyboard */; };
		67AF57EF2B171F8800712870 /* Color+Extension.swift in Sources */ = {isa = PBXBuildFile; fileRef = 67AF57EE2B171F8800712870 /* Color+Extension.swift */; };
		67AF57F22B17255A00712870 /* OnboardingModel.swift in Sources */ = {isa = PBXBuildFile; fileRef = 67AF57F12B17255A00712870 /* OnboardingModel.swift */; };
		67AF57F52B18D0C800712870 /* PathModel.swift in Sources */ = {isa = PBXBuildFile; fileRef = 67AF57F42B18D0C800712870 /* PathModel.swift */; };
		67AF57F72B18D0D000712870 /* PathType.swift in Sources */ = {isa = PBXBuildFile; fileRef = 67AF57F62B18D0D000712870 /* PathType.swift */; };
		67AF57FE2B18D46500712870 /* TodoView.swift in Sources */ = {isa = PBXBuildFile; fileRef = 67AF57FD2B18D46500712870 /* TodoView.swift */; };
		67AF58002B18D47900712870 /* MemoView.swift in Sources */ = {isa = PBXBuildFile; fileRef = 67AF57FF2B18D47900712870 /* MemoView.swift */; };
		67AF58022B18D49000712870 /* HomeView.swift in Sources */ = {isa = PBXBuildFile; fileRef = 67AF58012B18D49000712870 /* HomeView.swift */; };
		67CDD07B2B16283B006DD818 /* Voice_RecordingApp.swift in Sources */ = {isa = PBXBuildFile; fileRef = 67CDD07A2B16283B006DD818 /* Voice_RecordingApp.swift */; };
		67CDD07D2B16283B006DD818 /* ContentView.swift in Sources */ = {isa = PBXBuildFile; fileRef = 67CDD07C2B16283B006DD818 /* ContentView.swift */; };
		67CDD07F2B16283C006DD818 /* Assets.xcassets in Resources */ = {isa = PBXBuildFile; fileRef = 67CDD07E2B16283C006DD818 /* Assets.xcassets */; };
		67CDD0822B16283C006DD818 /* Preview Assets.xcassets in Resources */ = {isa = PBXBuildFile; fileRef = 67CDD0812B16283C006DD818 /* Preview Assets.xcassets */; };
		67CDD08C2B16283C006DD818 /* Voice_RecordingTests.swift in Sources */ = {isa = PBXBuildFile; fileRef = 67CDD08B2B16283C006DD818 /* Voice_RecordingTests.swift */; };
		67CDD0962B16283C006DD818 /* Voice_RecordingUITests.swift in Sources */ = {isa = PBXBuildFile; fileRef = 67CDD0952B16283C006DD818 /* Voice_RecordingUITests.swift */; };
		67CDD0982B16283C006DD818 /* Voice_RecordingUITestsLaunchTests.swift in Sources */ = {isa = PBXBuildFile; fileRef = 67CDD0972B16283C006DD818 /* Voice_RecordingUITestsLaunchTests.swift */; };
		67CDD0AA2B1710A4006DD818 /* AppDelegate.swift in Sources */ = {isa = PBXBuildFile; fileRef = 67CDD0A92B1710A4006DD818 /* AppDelegate.swift */; };
		67CDD0AB2B1710A4006DD818 /* AppDelegate.swift in Sources */ = {isa = PBXBuildFile; fileRef = 67CDD0A92B1710A4006DD818 /* AppDelegate.swift */; };
		67CDD0AC2B1710A4006DD818 /* AppDelegate.swift in Sources */ = {isa = PBXBuildFile; fileRef = 67CDD0A92B1710A4006DD818 /* AppDelegate.swift */; };
		67CDD0AF2B1710FB006DD818 /* OnboardingView.swift in Sources */ = {isa = PBXBuildFile; fileRef = 67CDD0AE2B1710FB006DD818 /* OnboardingView.swift */; };
		67CDD0B02B1710FB006DD818 /* OnboardingView.swift in Sources */ = {isa = PBXBuildFile; fileRef = 67CDD0AE2B1710FB006DD818 /* OnboardingView.swift */; };
		67CDD0B12B1710FB006DD818 /* OnboardingView.swift in Sources */ = {isa = PBXBuildFile; fileRef = 67CDD0AE2B1710FB006DD818 /* OnboardingView.swift */; };
		67CDD0B32B17114C006DD818 /* OnboardingViewModel.swift in Sources */ = {isa = PBXBuildFile; fileRef = 67CDD0B22B17114C006DD818 /* OnboardingViewModel.swift */; };
		67CDD0B42B17114D006DD818 /* OnboardingViewModel.swift in Sources */ = {isa = PBXBuildFile; fileRef = 67CDD0B22B17114C006DD818 /* OnboardingViewModel.swift */; };
		67CDD0B52B17114D006DD818 /* OnboardingViewModel.swift in Sources */ = {isa = PBXBuildFile; fileRef = 67CDD0B22B17114C006DD818 /* OnboardingViewModel.swift */; };
/* End PBXBuildFile section */

/* Begin PBXContainerItemProxy section */
		67CDD0882B16283C006DD818 /* PBXContainerItemProxy */ = {
			isa = PBXContainerItemProxy;
			containerPortal = 67CDD06F2B16283B006DD818 /* Project object */;
			proxyType = 1;
			remoteGlobalIDString = 67CDD0762B16283B006DD818;
			remoteInfo = Voice_Recording;
		};
		67CDD0922B16283C006DD818 /* PBXContainerItemProxy */ = {
			isa = PBXContainerItemProxy;
			containerPortal = 67CDD06F2B16283B006DD818 /* Project object */;
			proxyType = 1;
			remoteGlobalIDString = 67CDD0762B16283B006DD818;
			remoteInfo = Voice_Recording;
		};
/* End PBXContainerItemProxy section */

/* Begin PBXFileReference section */
		671F05FF2B32A1FF00E093F0 /* MemoModel.swift */ = {isa = PBXFileReference; lastKnownFileType = sourcecode.swift; path = MemoModel.swift; sourceTree = "<group>"; };
		671F06012B32A3FD00E093F0 /* MemoListView.swift */ = {isa = PBXFileReference; lastKnownFileType = sourcecode.swift; path = MemoListView.swift; sourceTree = "<group>"; };
		671F06032B32A40900E093F0 /* MemoListViewModel.swift */ = {isa = PBXFileReference; lastKnownFileType = sourcecode.swift; path = MemoListViewModel.swift; sourceTree = "<group>"; };
		671F06052B32A49600E093F0 /* MemoViewModel.swift */ = {isa = PBXFileReference; lastKnownFileType = sourcecode.swift; path = MemoViewModel.swift; sourceTree = "<group>"; };
		672E397A2B5B8ADD00C6E085 /* Double+Extension.swift */ = {isa = PBXFileReference; lastKnownFileType = sourcecode.swift; path = "Double+Extension.swift"; sourceTree = "<group>"; };
		672E397C2B5B907B00C6E085 /* HomeViewModel.swift */ = {isa = PBXFileReference; lastKnownFileType = sourcecode.swift; path = HomeViewModel.swift; sourceTree = "<group>"; };
		672E397F2B5B90B800C6E085 /* VoiceRecoderViewModel.swift */ = {isa = PBXFileReference; lastKnownFileType = sourcecode.swift; path = VoiceRecoderViewModel.swift; sourceTree = "<group>"; };
		672E39832B5C021000C6E085 /* VoiceRecoderView.swift */ = {isa = PBXFileReference; lastKnownFileType = sourcecode.swift; path = VoiceRecoderView.swift; sourceTree = "<group>"; };
		673652D82B1A144D000D427A /* Date+Extension.swift */ = {isa = PBXFileReference; lastKnownFileType = sourcecode.swift; path = "Date+Extension.swift"; sourceTree = "<group>"; };
		673652DB2B1A1C7E000D427A /* CustomNavigationBar.swift */ = {isa = PBXFileReference; lastKnownFileType = sourcecode.swift; path = CustomNavigationBar.swift; sourceTree = "<group>"; };
		673652DD2B1A1D58000D427A /* NavigationBtnType.swift */ = {isa = PBXFileReference; lastKnownFileType = sourcecode.swift; path = NavigationBtnType.swift; sourceTree = "<group>"; };
		6776E34F2B1B7332003D3A70 /* TodoModel.swift */ = {isa = PBXFileReference; lastKnownFileType = sourcecode.swift; path = TodoModel.swift; sourceTree = "<group>"; };
		6776E3512B1B74ED003D3A70 /* TodoListView.swift */ = {isa = PBXFileReference; lastKnownFileType = sourcecode.swift; path = TodoListView.swift; sourceTree = "<group>"; };
		6776E3532B1B752D003D3A70 /* TodoListViewModel.swift */ = {isa = PBXFileReference; lastKnownFileType = sourcecode.swift; path = TodoListViewModel.swift; sourceTree = "<group>"; };
		6776E3552B1E0D49003D3A70 /* TodoViewModel.swift */ = {isa = PBXFileReference; lastKnownFileType = sourcecode.swift; path = TodoViewModel.swift; sourceTree = "<group>"; };
		67AF57EB2B171CA600712870 /* LaunchScreen.storyboard */ = {isa = PBXFileReference; lastKnownFileType = file.storyboard; path = LaunchScreen.storyboard; sourceTree = "<group>"; };
		67AF57EE2B171F8800712870 /* Color+Extension.swift */ = {isa = PBXFileReference; lastKnownFileType = sourcecode.swift; path = "Color+Extension.swift"; sourceTree = "<group>"; };
		67AF57F12B17255A00712870 /* OnboardingModel.swift */ = {isa = PBXFileReference; lastKnownFileType = sourcecode.swift; path = OnboardingModel.swift; sourceTree = "<group>"; };
		67AF57F42B18D0C800712870 /* PathModel.swift */ = {isa = PBXFileReference; lastKnownFileType = sourcecode.swift; path = PathModel.swift; sourceTree = "<group>"; };
		67AF57F62B18D0D000712870 /* PathType.swift */ = {isa = PBXFileReference; lastKnownFileType = sourcecode.swift; path = PathType.swift; sourceTree = "<group>"; };
		67AF57FD2B18D46500712870 /* TodoView.swift */ = {isa = PBXFileReference; lastKnownFileType = sourcecode.swift; path = TodoView.swift; sourceTree = "<group>"; };
		67AF57FF2B18D47900712870 /* MemoView.swift */ = {isa = PBXFileReference; lastKnownFileType = sourcecode.swift; path = MemoView.swift; sourceTree = "<group>"; };
		67AF58012B18D49000712870 /* HomeView.swift */ = {isa = PBXFileReference; lastKnownFileType = sourcecode.swift; path = HomeView.swift; sourceTree = "<group>"; };
		67CDD0772B16283B006DD818 /* Voice_Recording.app */ = {isa = PBXFileReference; explicitFileType = wrapper.application; includeInIndex = 0; path = Voice_Recording.app; sourceTree = BUILT_PRODUCTS_DIR; };
		67CDD07A2B16283B006DD818 /* Voice_RecordingApp.swift */ = {isa = PBXFileReference; lastKnownFileType = sourcecode.swift; path = Voice_RecordingApp.swift; sourceTree = "<group>"; };
		67CDD07C2B16283B006DD818 /* ContentView.swift */ = {isa = PBXFileReference; lastKnownFileType = sourcecode.swift; path = ContentView.swift; sourceTree = "<group>"; };
		67CDD07E2B16283C006DD818 /* Assets.xcassets */ = {isa = PBXFileReference; lastKnownFileType = folder.assetcatalog; path = Assets.xcassets; sourceTree = "<group>"; };
		67CDD0812B16283C006DD818 /* Preview Assets.xcassets */ = {isa = PBXFileReference; lastKnownFileType = folder.assetcatalog; path = "Preview Assets.xcassets"; sourceTree = "<group>"; };
		67CDD0872B16283C006DD818 /* Voice_RecordingTests.xctest */ = {isa = PBXFileReference; explicitFileType = wrapper.cfbundle; includeInIndex = 0; path = Voice_RecordingTests.xctest; sourceTree = BUILT_PRODUCTS_DIR; };
		67CDD08B2B16283C006DD818 /* Voice_RecordingTests.swift */ = {isa = PBXFileReference; lastKnownFileType = sourcecode.swift; path = Voice_RecordingTests.swift; sourceTree = "<group>"; };
		67CDD0912B16283C006DD818 /* Voice_RecordingUITests.xctest */ = {isa = PBXFileReference; explicitFileType = wrapper.cfbundle; includeInIndex = 0; path = Voice_RecordingUITests.xctest; sourceTree = BUILT_PRODUCTS_DIR; };
		67CDD0952B16283C006DD818 /* Voice_RecordingUITests.swift */ = {isa = PBXFileReference; lastKnownFileType = sourcecode.swift; path = Voice_RecordingUITests.swift; sourceTree = "<group>"; };
		67CDD0972B16283C006DD818 /* Voice_RecordingUITestsLaunchTests.swift */ = {isa = PBXFileReference; lastKnownFileType = sourcecode.swift; path = Voice_RecordingUITestsLaunchTests.swift; sourceTree = "<group>"; };
		67CDD0A92B1710A4006DD818 /* AppDelegate.swift */ = {isa = PBXFileReference; lastKnownFileType = sourcecode.swift; path = AppDelegate.swift; sourceTree = "<group>"; };
		67CDD0AE2B1710FB006DD818 /* OnboardingView.swift */ = {isa = PBXFileReference; lastKnownFileType = sourcecode.swift; path = OnboardingView.swift; sourceTree = "<group>"; };
		67CDD0B22B17114C006DD818 /* OnboardingViewModel.swift */ = {isa = PBXFileReference; lastKnownFileType = sourcecode.swift; path = OnboardingViewModel.swift; sourceTree = "<group>"; };
/* End PBXFileReference section */

/* Begin PBXFrameworksBuildPhase section */
		67CDD0742B16283B006DD818 /* Frameworks */ = {
			isa = PBXFrameworksBuildPhase;
			buildActionMask = 2147483647;
			files = (
			);
			runOnlyForDeploymentPostprocessing = 0;
		};
		67CDD0842B16283C006DD818 /* Frameworks */ = {
			isa = PBXFrameworksBuildPhase;
			buildActionMask = 2147483647;
			files = (
			);
			runOnlyForDeploymentPostprocessing = 0;
		};
		67CDD08E2B16283C006DD818 /* Frameworks */ = {
			isa = PBXFrameworksBuildPhase;
			buildActionMask = 2147483647;
			files = (
			);
			runOnlyForDeploymentPostprocessing = 0;
		};
/* End PBXFrameworksBuildPhase section */

/* Begin PBXGroup section */
		671F05FE2B32A1EF00E093F0 /* Memo */ = {
			isa = PBXGroup;
			children = (
				671F05FF2B32A1FF00E093F0 /* MemoModel.swift */,
			);
			path = Memo;
			sourceTree = "<group>";
		};
		672E397E2B5B909300C6E085 /* VoiceRecorder */ = {
			isa = PBXGroup;
			children = (
				672E397F2B5B90B800C6E085 /* VoiceRecoderViewModel.swift */,
				672E39832B5C021000C6E085 /* VoiceRecoderView.swift */,
			);
			path = VoiceRecorder;
			sourceTree = "<group>";
		};
		673652DA2B1A1AEF000D427A /* NavigationBar */ = {
			isa = PBXGroup;
			children = (
				673652DB2B1A1C7E000D427A /* CustomNavigationBar.swift */,
				673652DD2B1A1D58000D427A /* NavigationBtnType.swift */,
			);
			path = NavigationBar;
			sourceTree = "<group>";
		};
		6776E34E2B1B7323003D3A70 /* Todo */ = {
			isa = PBXGroup;
			children = (
				6776E34F2B1B7332003D3A70 /* TodoModel.swift */,
			);
			path = Todo;
			sourceTree = "<group>";
		};
		67AF57ED2B171E8200712870 /* Extension */ = {
			isa = PBXGroup;
			children = (
				67AF57EE2B171F8800712870 /* Color+Extension.swift */,
				673652D82B1A144D000D427A /* Date+Extension.swift */,
				672E397A2B5B8ADD00C6E085 /* Double+Extension.swift */,
			);
			path = Extension;
			sourceTree = "<group>";
		};
		67AF57F02B17253A00712870 /* Onboarding */ = {
			isa = PBXGroup;
			children = (
				67AF57F12B17255A00712870 /* OnboardingModel.swift */,
			);
			path = Onboarding;
			sourceTree = "<group>";
		};
		67AF57F32B18D0A500712870 /* Path */ = {
			isa = PBXGroup;
			children = (
				67AF57F42B18D0C800712870 /* PathModel.swift */,
				67AF57F62B18D0D000712870 /* PathType.swift */,
			);
			path = Path;
			sourceTree = "<group>";
		};
		67AF57F82B18D40900712870 /* Home */ = {
			isa = PBXGroup;
			children = (
				67AF58012B18D49000712870 /* HomeView.swift */,
				672E397C2B5B907B00C6E085 /* HomeViewModel.swift */,
				672E397E2B5B909300C6E085 /* VoiceRecorder */,
				67AF57F92B18D41300712870 /* MemoList */,
				67AF57FA2B18D41E00712870 /* TodoList */,
			);
			path = Home;
			sourceTree = "<group>";
		};
		67AF57F92B18D41300712870 /* MemoList */ = {
			isa = PBXGroup;
			children = (
				67AF57FC2B18D45700712870 /* Memo */,
				671F06012B32A3FD00E093F0 /* MemoListView.swift */,
				671F06032B32A40900E093F0 /* MemoListViewModel.swift */,
			);
			path = MemoList;
			sourceTree = "<group>";
		};
		67AF57FA2B18D41E00712870 /* TodoList */ = {
			isa = PBXGroup;
			children = (
				67AF57FB2B18D44700712870 /* Todo */,
				6776E3512B1B74ED003D3A70 /* TodoListView.swift */,
				6776E3532B1B752D003D3A70 /* TodoListViewModel.swift */,
			);
			path = TodoList;
			sourceTree = "<group>";
		};
		67AF57FB2B18D44700712870 /* Todo */ = {
			isa = PBXGroup;
			children = (
				67AF57FD2B18D46500712870 /* TodoView.swift */,
				6776E3552B1E0D49003D3A70 /* TodoViewModel.swift */,
			);
			path = Todo;
			sourceTree = "<group>";
		};
		67AF57FC2B18D45700712870 /* Memo */ = {
			isa = PBXGroup;
			children = (
				67AF57FF2B18D47900712870 /* MemoView.swift */,
				671F06052B32A49600E093F0 /* MemoViewModel.swift */,
			);
			path = Memo;
			sourceTree = "<group>";
		};
		67CDD06E2B16283B006DD818 = {
			isa = PBXGroup;
			children = (
				67CDD0792B16283B006DD818 /* Voice_Recording */,
				67CDD08A2B16283C006DD818 /* Voice_RecordingTests */,
				67CDD0942B16283C006DD818 /* Voice_RecordingUITests */,
				67CDD0782B16283B006DD818 /* Products */,
			);
			sourceTree = "<group>";
		};
		67CDD0782B16283B006DD818 /* Products */ = {
			isa = PBXGroup;
			children = (
				67CDD0772B16283B006DD818 /* Voice_Recording.app */,
				67CDD0872B16283C006DD818 /* Voice_RecordingTests.xctest */,
				67CDD0912B16283C006DD818 /* Voice_RecordingUITests.xctest */,
			);
			name = Products;
			sourceTree = "<group>";
		};
		67CDD0792B16283B006DD818 /* Voice_Recording */ = {
			isa = PBXGroup;
			children = (
				67CDD0A42B170F1E006DD818 /* App */,
				67CDD0A52B170F40006DD818 /* Core */,
				67CDD0A62B170F53006DD818 /* Component */,
				67CDD0A82B170F69006DD818 /* Model */,
				67CDD0A72B170F5E006DD818 /* Feature */,
				67CDD07C2B16283B006DD818 /* ContentView.swift */,
				67CDD07E2B16283C006DD818 /* Assets.xcassets */,
				67CDD0802B16283C006DD818 /* Preview Content */,
			);
			path = Voice_Recording;
			sourceTree = "<group>";
		};
		67CDD0802B16283C006DD818 /* Preview Content */ = {
			isa = PBXGroup;
			children = (
				67CDD0812B16283C006DD818 /* Preview Assets.xcassets */,
			);
			path = "Preview Content";
			sourceTree = "<group>";
		};
		67CDD08A2B16283C006DD818 /* Voice_RecordingTests */ = {
			isa = PBXGroup;
			children = (
				67CDD08B2B16283C006DD818 /* Voice_RecordingTests.swift */,
			);
			path = Voice_RecordingTests;
			sourceTree = "<group>";
		};
		67CDD0942B16283C006DD818 /* Voice_RecordingUITests */ = {
			isa = PBXGroup;
			children = (
				67CDD0952B16283C006DD818 /* Voice_RecordingUITests.swift */,
				67CDD0972B16283C006DD818 /* Voice_RecordingUITestsLaunchTests.swift */,
			);
			path = Voice_RecordingUITests;
			sourceTree = "<group>";
		};
		67CDD0A42B170F1E006DD818 /* App */ = {
			isa = PBXGroup;
			children = (
				67CDD07A2B16283B006DD818 /* Voice_RecordingApp.swift */,
				67CDD0A92B1710A4006DD818 /* AppDelegate.swift */,
				67AF57EB2B171CA600712870 /* LaunchScreen.storyboard */,
			);
			path = App;
			sourceTree = "<group>";
		};
		67CDD0A52B170F40006DD818 /* Core */ = {
			isa = PBXGroup;
			children = (
				67AF57ED2B171E8200712870 /* Extension */,
			);
			path = Core;
			sourceTree = "<group>";
		};
		67CDD0A62B170F53006DD818 /* Component */ = {
			isa = PBXGroup;
			children = (
				673652DA2B1A1AEF000D427A /* NavigationBar */,
			);
			path = Component;
			sourceTree = "<group>";
		};
		67CDD0A72B170F5E006DD818 /* Feature */ = {
			isa = PBXGroup;
			children = (
				67AF57F82B18D40900712870 /* Home */,
				67CDD0AD2B1710D7006DD818 /* Onboarding */,
			);
			path = Feature;
			sourceTree = "<group>";
		};
		67CDD0A82B170F69006DD818 /* Model */ = {
			isa = PBXGroup;
			children = (
				671F05FE2B32A1EF00E093F0 /* Memo */,
				6776E34E2B1B7323003D3A70 /* Todo */,
				67AF57F32B18D0A500712870 /* Path */,
				67AF57F02B17253A00712870 /* Onboarding */,
			);
			path = Model;
			sourceTree = "<group>";
		};
		67CDD0AD2B1710D7006DD818 /* Onboarding */ = {
			isa = PBXGroup;
			children = (
				67CDD0AE2B1710FB006DD818 /* OnboardingView.swift */,
				67CDD0B22B17114C006DD818 /* OnboardingViewModel.swift */,
			);
			path = Onboarding;
			sourceTree = "<group>";
		};
/* End PBXGroup section */

/* Begin PBXNativeTarget section */
		67CDD0762B16283B006DD818 /* Voice_Recording */ = {
			isa = PBXNativeTarget;
			buildConfigurationList = 67CDD09B2B16283C006DD818 /* Build configuration list for PBXNativeTarget "Voice_Recording" */;
			buildPhases = (
				67CDD0732B16283B006DD818 /* Sources */,
				67CDD0742B16283B006DD818 /* Frameworks */,
				67CDD0752B16283B006DD818 /* Resources */,
			);
			buildRules = (
			);
			dependencies = (
			);
			name = Voice_Recording;
			productName = Voice_Recording;
			productReference = 67CDD0772B16283B006DD818 /* Voice_Recording.app */;
			productType = "com.apple.product-type.application";
		};
		67CDD0862B16283C006DD818 /* Voice_RecordingTests */ = {
			isa = PBXNativeTarget;
			buildConfigurationList = 67CDD09E2B16283C006DD818 /* Build configuration list for PBXNativeTarget "Voice_RecordingTests" */;
			buildPhases = (
				67CDD0832B16283C006DD818 /* Sources */,
				67CDD0842B16283C006DD818 /* Frameworks */,
				67CDD0852B16283C006DD818 /* Resources */,
			);
			buildRules = (
			);
			dependencies = (
				67CDD0892B16283C006DD818 /* PBXTargetDependency */,
			);
			name = Voice_RecordingTests;
			productName = Voice_RecordingTests;
			productReference = 67CDD0872B16283C006DD818 /* Voice_RecordingTests.xctest */;
			productType = "com.apple.product-type.bundle.unit-test";
		};
		67CDD0902B16283C006DD818 /* Voice_RecordingUITests */ = {
			isa = PBXNativeTarget;
			buildConfigurationList = 67CDD0A12B16283C006DD818 /* Build configuration list for PBXNativeTarget "Voice_RecordingUITests" */;
			buildPhases = (
				67CDD08D2B16283C006DD818 /* Sources */,
				67CDD08E2B16283C006DD818 /* Frameworks */,
				67CDD08F2B16283C006DD818 /* Resources */,
			);
			buildRules = (
			);
			dependencies = (
				67CDD0932B16283C006DD818 /* PBXTargetDependency */,
			);
			name = Voice_RecordingUITests;
			productName = Voice_RecordingUITests;
			productReference = 67CDD0912B16283C006DD818 /* Voice_RecordingUITests.xctest */;
			productType = "com.apple.product-type.bundle.ui-testing";
		};
/* End PBXNativeTarget section */

/* Begin PBXProject section */
		67CDD06F2B16283B006DD818 /* Project object */ = {
			isa = PBXProject;
			attributes = {
				BuildIndependentTargetsInParallel = 1;
				LastSwiftUpdateCheck = 1430;
				LastUpgradeCheck = 1430;
				TargetAttributes = {
					67CDD0762B16283B006DD818 = {
						CreatedOnToolsVersion = 14.3.1;
					};
					67CDD0862B16283C006DD818 = {
						CreatedOnToolsVersion = 14.3.1;
						TestTargetID = 67CDD0762B16283B006DD818;
					};
					67CDD0902B16283C006DD818 = {
						CreatedOnToolsVersion = 14.3.1;
						TestTargetID = 67CDD0762B16283B006DD818;
					};
				};
			};
			buildConfigurationList = 67CDD0722B16283B006DD818 /* Build configuration list for PBXProject "Voice_Recording" */;
			compatibilityVersion = "Xcode 14.0";
			developmentRegion = en;
			hasScannedForEncodings = 0;
			knownRegions = (
				en,
				Base,
			);
			mainGroup = 67CDD06E2B16283B006DD818;
			productRefGroup = 67CDD0782B16283B006DD818 /* Products */;
			projectDirPath = "";
			projectRoot = "";
			targets = (
				67CDD0762B16283B006DD818 /* Voice_Recording */,
				67CDD0862B16283C006DD818 /* Voice_RecordingTests */,
				67CDD0902B16283C006DD818 /* Voice_RecordingUITests */,
			);
		};
/* End PBXProject section */

/* Begin PBXResourcesBuildPhase section */
		67CDD0752B16283B006DD818 /* Resources */ = {
			isa = PBXResourcesBuildPhase;
			buildActionMask = 2147483647;
			files = (
				67AF57EC2B171CA600712870 /* LaunchScreen.storyboard in Resources */,
				67CDD0822B16283C006DD818 /* Preview Assets.xcassets in Resources */,
				67CDD07F2B16283C006DD818 /* Assets.xcassets in Resources */,
			);
			runOnlyForDeploymentPostprocessing = 0;
		};
		67CDD0852B16283C006DD818 /* Resources */ = {
			isa = PBXResourcesBuildPhase;
			buildActionMask = 2147483647;
			files = (
			);
			runOnlyForDeploymentPostprocessing = 0;
		};
		67CDD08F2B16283C006DD818 /* Resources */ = {
			isa = PBXResourcesBuildPhase;
			buildActionMask = 2147483647;
			files = (
			);
			runOnlyForDeploymentPostprocessing = 0;
		};
/* End PBXResourcesBuildPhase section */

/* Begin PBXSourcesBuildPhase section */
		67CDD0732B16283B006DD818 /* Sources */ = {
			isa = PBXSourcesBuildPhase;
			buildActionMask = 2147483647;
			files = (
				67AF57F22B17255A00712870 /* OnboardingModel.swift in Sources */,
				6776E3502B1B7332003D3A70 /* TodoModel.swift in Sources */,
				67CDD0B32B17114C006DD818 /* OnboardingViewModel.swift in Sources */,
				672E39842B5C021000C6E085 /* VoiceRecoderView.swift in Sources */,
				672E397D2B5B907B00C6E085 /* HomeViewModel.swift in Sources */,
				67AF57FE2B18D46500712870 /* TodoView.swift in Sources */,
				6776E3542B1B752D003D3A70 /* TodoListViewModel.swift in Sources */,
				671F06002B32A1FF00E093F0 /* MemoModel.swift in Sources */,
				67AF57F72B18D0D000712870 /* PathType.swift in Sources */,
				672E39802B5B90B800C6E085 /* VoiceRecoderViewModel.swift in Sources */,
				67AF57F52B18D0C800712870 /* PathModel.swift in Sources */,
				673652DE2B1A1D58000D427A /* NavigationBtnType.swift in Sources */,
				6776E3562B1E0D49003D3A70 /* TodoViewModel.swift in Sources */,
				6776E3522B1B74ED003D3A70 /* TodoListView.swift in Sources */,
				671F06022B32A3FD00E093F0 /* MemoListView.swift in Sources */,
				67AF57EF2B171F8800712870 /* Color+Extension.swift in Sources */,
				673652DC2B1A1C7E000D427A /* CustomNavigationBar.swift in Sources */,
				67AF58002B18D47900712870 /* MemoView.swift in Sources */,
				673652D92B1A144D000D427A /* Date+Extension.swift in Sources */,
				67CDD0AA2B1710A4006DD818 /* AppDelegate.swift in Sources */,
				67CDD0AF2B1710FB006DD818 /* OnboardingView.swift in Sources */,
				67AF58022B18D49000712870 /* HomeView.swift in Sources */,
				67CDD07D2B16283B006DD818 /* ContentView.swift in Sources */,
				672E397B2B5B8ADD00C6E085 /* Double+Extension.swift in Sources */,
				671F06042B32A40900E093F0 /* MemoListViewModel.swift in Sources */,
				671F06062B32A49600E093F0 /* MemoViewModel.swift in Sources */,
				67CDD07B2B16283B006DD818 /* Voice_RecordingApp.swift in Sources */,
			);
			runOnlyForDeploymentPostprocessing = 0;
		};
		67CDD0832B16283C006DD818 /* Sources */ = {
			isa = PBXSourcesBuildPhase;
			buildActionMask = 2147483647;
			files = (
				67CDD0B02B1710FB006DD818 /* OnboardingView.swift in Sources */,
				67CDD0AB2B1710A4006DD818 /* AppDelegate.swift in Sources */,
				67CDD08C2B16283C006DD818 /* Voice_RecordingTests.swift in Sources */,
				67CDD0B42B17114D006DD818 /* OnboardingViewModel.swift in Sources */,
			);
			runOnlyForDeploymentPostprocessing = 0;
		};
		67CDD08D2B16283C006DD818 /* Sources */ = {
			isa = PBXSourcesBuildPhase;
			buildActionMask = 2147483647;
			files = (
				67CDD0B52B17114D006DD818 /* OnboardingViewModel.swift in Sources */,
				67CDD0AC2B1710A4006DD818 /* AppDelegate.swift in Sources */,
				67CDD0B12B1710FB006DD818 /* OnboardingView.swift in Sources */,
				67CDD0962B16283C006DD818 /* Voice_RecordingUITests.swift in Sources */,
				67CDD0982B16283C006DD818 /* Voice_RecordingUITestsLaunchTests.swift in Sources */,
			);
			runOnlyForDeploymentPostprocessing = 0;
		};
/* End PBXSourcesBuildPhase section */

/* Begin PBXTargetDependency section */
		67CDD0892B16283C006DD818 /* PBXTargetDependency */ = {
			isa = PBXTargetDependency;
			target = 67CDD0762B16283B006DD818 /* Voice_Recording */;
			targetProxy = 67CDD0882B16283C006DD818 /* PBXContainerItemProxy */;
		};
		67CDD0932B16283C006DD818 /* PBXTargetDependency */ = {
			isa = PBXTargetDependency;
			target = 67CDD0762B16283B006DD818 /* Voice_Recording */;
			targetProxy = 67CDD0922B16283C006DD818 /* PBXContainerItemProxy */;
		};
/* End PBXTargetDependency section */

/* Begin XCBuildConfiguration section */
		67CDD0992B16283C006DD818 /* Debug */ = {
			isa = XCBuildConfiguration;
			buildSettings = {
				ALWAYS_SEARCH_USER_PATHS = NO;
				CLANG_ANALYZER_NONNULL = YES;
				CLANG_ANALYZER_NUMBER_OBJECT_CONVERSION = YES_AGGRESSIVE;
				CLANG_CXX_LANGUAGE_STANDARD = "gnu++20";
				CLANG_ENABLE_MODULES = YES;
				CLANG_ENABLE_OBJC_ARC = YES;
				CLANG_ENABLE_OBJC_WEAK = YES;
				CLANG_WARN_BLOCK_CAPTURE_AUTORELEASING = YES;
				CLANG_WARN_BOOL_CONVERSION = YES;
				CLANG_WARN_COMMA = YES;
				CLANG_WARN_CONSTANT_CONVERSION = YES;
				CLANG_WARN_DEPRECATED_OBJC_IMPLEMENTATIONS = YES;
				CLANG_WARN_DIRECT_OBJC_ISA_USAGE = YES_ERROR;
				CLANG_WARN_DOCUMENTATION_COMMENTS = YES;
				CLANG_WARN_EMPTY_BODY = YES;
				CLANG_WARN_ENUM_CONVERSION = YES;
				CLANG_WARN_INFINITE_RECURSION = YES;
				CLANG_WARN_INT_CONVERSION = YES;
				CLANG_WARN_NON_LITERAL_NULL_CONVERSION = YES;
				CLANG_WARN_OBJC_IMPLICIT_RETAIN_SELF = YES;
				CLANG_WARN_OBJC_LITERAL_CONVERSION = YES;
				CLANG_WARN_OBJC_ROOT_CLASS = YES_ERROR;
				CLANG_WARN_QUOTED_INCLUDE_IN_FRAMEWORK_HEADER = YES;
				CLANG_WARN_RANGE_LOOP_ANALYSIS = YES;
				CLANG_WARN_STRICT_PROTOTYPES = YES;
				CLANG_WARN_SUSPICIOUS_MOVE = YES;
				CLANG_WARN_UNGUARDED_AVAILABILITY = YES_AGGRESSIVE;
				CLANG_WARN_UNREACHABLE_CODE = YES;
				CLANG_WARN__DUPLICATE_METHOD_MATCH = YES;
				COPY_PHASE_STRIP = NO;
				DEBUG_INFORMATION_FORMAT = dwarf;
				ENABLE_STRICT_OBJC_MSGSEND = YES;
				ENABLE_TESTABILITY = YES;
				GCC_C_LANGUAGE_STANDARD = gnu11;
				GCC_DYNAMIC_NO_PIC = NO;
				GCC_NO_COMMON_BLOCKS = YES;
				GCC_OPTIMIZATION_LEVEL = 0;
				GCC_PREPROCESSOR_DEFINITIONS = (
					"DEBUG=1",
					"$(inherited)",
				);
				GCC_WARN_64_TO_32_BIT_CONVERSION = YES;
				GCC_WARN_ABOUT_RETURN_TYPE = YES_ERROR;
				GCC_WARN_UNDECLARED_SELECTOR = YES;
				GCC_WARN_UNINITIALIZED_AUTOS = YES_AGGRESSIVE;
				GCC_WARN_UNUSED_FUNCTION = YES;
				GCC_WARN_UNUSED_VARIABLE = YES;
				IPHONEOS_DEPLOYMENT_TARGET = 16.4;
				MTL_ENABLE_DEBUG_INFO = INCLUDE_SOURCE;
				MTL_FAST_MATH = YES;
				ONLY_ACTIVE_ARCH = YES;
				SDKROOT = iphoneos;
				SWIFT_ACTIVE_COMPILATION_CONDITIONS = DEBUG;
				SWIFT_OPTIMIZATION_LEVEL = "-Onone";
			};
			name = Debug;
		};
		67CDD09A2B16283C006DD818 /* Release */ = {
			isa = XCBuildConfiguration;
			buildSettings = {
				ALWAYS_SEARCH_USER_PATHS = NO;
				CLANG_ANALYZER_NONNULL = YES;
				CLANG_ANALYZER_NUMBER_OBJECT_CONVERSION = YES_AGGRESSIVE;
				CLANG_CXX_LANGUAGE_STANDARD = "gnu++20";
				CLANG_ENABLE_MODULES = YES;
				CLANG_ENABLE_OBJC_ARC = YES;
				CLANG_ENABLE_OBJC_WEAK = YES;
				CLANG_WARN_BLOCK_CAPTURE_AUTORELEASING = YES;
				CLANG_WARN_BOOL_CONVERSION = YES;
				CLANG_WARN_COMMA = YES;
				CLANG_WARN_CONSTANT_CONVERSION = YES;
				CLANG_WARN_DEPRECATED_OBJC_IMPLEMENTATIONS = YES;
				CLANG_WARN_DIRECT_OBJC_ISA_USAGE = YES_ERROR;
				CLANG_WARN_DOCUMENTATION_COMMENTS = YES;
				CLANG_WARN_EMPTY_BODY = YES;
				CLANG_WARN_ENUM_CONVERSION = YES;
				CLANG_WARN_INFINITE_RECURSION = YES;
				CLANG_WARN_INT_CONVERSION = YES;
				CLANG_WARN_NON_LITERAL_NULL_CONVERSION = YES;
				CLANG_WARN_OBJC_IMPLICIT_RETAIN_SELF = YES;
				CLANG_WARN_OBJC_LITERAL_CONVERSION = YES;
				CLANG_WARN_OBJC_ROOT_CLASS = YES_ERROR;
				CLANG_WARN_QUOTED_INCLUDE_IN_FRAMEWORK_HEADER = YES;
				CLANG_WARN_RANGE_LOOP_ANALYSIS = YES;
				CLANG_WARN_STRICT_PROTOTYPES = YES;
				CLANG_WARN_SUSPICIOUS_MOVE = YES;
				CLANG_WARN_UNGUARDED_AVAILABILITY = YES_AGGRESSIVE;
				CLANG_WARN_UNREACHABLE_CODE = YES;
				CLANG_WARN__DUPLICATE_METHOD_MATCH = YES;
				COPY_PHASE_STRIP = NO;
				DEBUG_INFORMATION_FORMAT = "dwarf-with-dsym";
				ENABLE_NS_ASSERTIONS = NO;
				ENABLE_STRICT_OBJC_MSGSEND = YES;
				GCC_C_LANGUAGE_STANDARD = gnu11;
				GCC_NO_COMMON_BLOCKS = YES;
				GCC_WARN_64_TO_32_BIT_CONVERSION = YES;
				GCC_WARN_ABOUT_RETURN_TYPE = YES_ERROR;
				GCC_WARN_UNDECLARED_SELECTOR = YES;
				GCC_WARN_UNINITIALIZED_AUTOS = YES_AGGRESSIVE;
				GCC_WARN_UNUSED_FUNCTION = YES;
				GCC_WARN_UNUSED_VARIABLE = YES;
				IPHONEOS_DEPLOYMENT_TARGET = 16.4;
				MTL_ENABLE_DEBUG_INFO = NO;
				MTL_FAST_MATH = YES;
				SDKROOT = iphoneos;
				SWIFT_COMPILATION_MODE = wholemodule;
				SWIFT_OPTIMIZATION_LEVEL = "-O";
				VALIDATE_PRODUCT = YES;
			};
			name = Release;
		};
		67CDD09C2B16283C006DD818 /* Debug */ = {
			isa = XCBuildConfiguration;
			buildSettings = {
				ASSETCATALOG_COMPILER_APPICON_NAME = AppIcon;
				ASSETCATALOG_COMPILER_GLOBAL_ACCENT_COLOR_NAME = AccentColor;
				CODE_SIGN_STYLE = Automatic;
				CURRENT_PROJECT_VERSION = 1;
				DEVELOPMENT_ASSET_PATHS = "\"Voice_Recording/Preview Content\"";
				DEVELOPMENT_TEAM = 8G9QJBS8AT;
				ENABLE_PREVIEWS = YES;
				GENERATE_INFOPLIST_FILE = YES;
				INFOPLIST_FILE = "Voice-Recording-Info.plist";
				INFOPLIST_KEY_UIApplicationSceneManifest_Generation = YES;
				INFOPLIST_KEY_UIApplicationSupportsIndirectInputEvents = YES;
				INFOPLIST_KEY_UILaunchStoryboardName = LaunchScreen;
				INFOPLIST_KEY_UIStatusBarStyle = UIStatusBarStyleLightContent;
				INFOPLIST_KEY_UISupportedInterfaceOrientations = "UIInterfaceOrientationLandscapeLeft UIInterfaceOrientationLandscapeRight UIInterfaceOrientationPortrait";
				INFOPLIST_KEY_UISupportedInterfaceOrientations_iPad = "UIInterfaceOrientationLandscapeLeft UIInterfaceOrientationLandscapeRight UIInterfaceOrientationPortrait UIInterfaceOrientationPortraitUpsideDown";
				LD_RUNPATH_SEARCH_PATHS = (
					"$(inherited)",
					"@executable_path/Frameworks",
				);
				MARKETING_VERSION = 1.0;
				PRODUCT_BUNDLE_IDENTIFIER = "practice.Voice-Recording";
				PRODUCT_NAME = "$(TARGET_NAME)";
				SWIFT_EMIT_LOC_STRINGS = YES;
				SWIFT_VERSION = 5.0;
				TARGETED_DEVICE_FAMILY = "1,2";
			};
			name = Debug;
		};
		67CDD09D2B16283C006DD818 /* Release */ = {
			isa = XCBuildConfiguration;
			buildSettings = {
				ASSETCATALOG_COMPILER_APPICON_NAME = AppIcon;
				ASSETCATALOG_COMPILER_GLOBAL_ACCENT_COLOR_NAME = AccentColor;
				CODE_SIGN_STYLE = Automatic;
				CURRENT_PROJECT_VERSION = 1;
				DEVELOPMENT_ASSET_PATHS = "\"Voice_Recording/Preview Content\"";
				DEVELOPMENT_TEAM = 8G9QJBS8AT;
				ENABLE_PREVIEWS = YES;
				GENERATE_INFOPLIST_FILE = YES;
				INFOPLIST_FILE = "Voice-Recording-Info.plist";
				INFOPLIST_KEY_UIApplicationSceneManifest_Generation = YES;
				INFOPLIST_KEY_UIApplicationSupportsIndirectInputEvents = YES;
				INFOPLIST_KEY_UILaunchStoryboardName = LaunchScreen;
				INFOPLIST_KEY_UIStatusBarStyle = UIStatusBarStyleLightContent;
				INFOPLIST_KEY_UISupportedInterfaceOrientations = "UIInterfaceOrientationLandscapeLeft UIInterfaceOrientationLandscapeRight UIInterfaceOrientationPortrait";
				INFOPLIST_KEY_UISupportedInterfaceOrientations_iPad = "UIInterfaceOrientationLandscapeLeft UIInterfaceOrientationLandscapeRight UIInterfaceOrientationPortrait UIInterfaceOrientationPortraitUpsideDown";
				LD_RUNPATH_SEARCH_PATHS = (
					"$(inherited)",
					"@executable_path/Frameworks",
				);
				MARKETING_VERSION = 1.0;
				PRODUCT_BUNDLE_IDENTIFIER = "practice.Voice-Recording";
				PRODUCT_NAME = "$(TARGET_NAME)";
				SWIFT_EMIT_LOC_STRINGS = YES;
				SWIFT_VERSION = 5.0;
				TARGETED_DEVICE_FAMILY = "1,2";
			};
			name = Release;
		};
		67CDD09F2B16283C006DD818 /* Debug */ = {
			isa = XCBuildConfiguration;
			buildSettings = {
				ALWAYS_EMBED_SWIFT_STANDARD_LIBRARIES = YES;
				BUNDLE_LOADER = "$(TEST_HOST)";
				CODE_SIGN_STYLE = Automatic;
				CURRENT_PROJECT_VERSION = 1;
				DEVELOPMENT_TEAM = 8G9QJBS8AT;
				GENERATE_INFOPLIST_FILE = YES;
				IPHONEOS_DEPLOYMENT_TARGET = 16.4;
				MARKETING_VERSION = 1.0;
				PRODUCT_BUNDLE_IDENTIFIER = "practice.Voice-RecordingTests";
				PRODUCT_NAME = "$(TARGET_NAME)";
				SWIFT_EMIT_LOC_STRINGS = NO;
				SWIFT_VERSION = 5.0;
				TARGETED_DEVICE_FAMILY = "1,2";
				TEST_HOST = "$(BUILT_PRODUCTS_DIR)/Voice_Recording.app/$(BUNDLE_EXECUTABLE_FOLDER_PATH)/Voice_Recording";
			};
			name = Debug;
		};
		67CDD0A02B16283C006DD818 /* Release */ = {
			isa = XCBuildConfiguration;
			buildSettings = {
				ALWAYS_EMBED_SWIFT_STANDARD_LIBRARIES = YES;
				BUNDLE_LOADER = "$(TEST_HOST)";
				CODE_SIGN_STYLE = Automatic;
				CURRENT_PROJECT_VERSION = 1;
				DEVELOPMENT_TEAM = 8G9QJBS8AT;
				GENERATE_INFOPLIST_FILE = YES;
				IPHONEOS_DEPLOYMENT_TARGET = 16.4;
				MARKETING_VERSION = 1.0;
				PRODUCT_BUNDLE_IDENTIFIER = "practice.Voice-RecordingTests";
				PRODUCT_NAME = "$(TARGET_NAME)";
				SWIFT_EMIT_LOC_STRINGS = NO;
				SWIFT_VERSION = 5.0;
				TARGETED_DEVICE_FAMILY = "1,2";
				TEST_HOST = "$(BUILT_PRODUCTS_DIR)/Voice_Recording.app/$(BUNDLE_EXECUTABLE_FOLDER_PATH)/Voice_Recording";
			};
			name = Release;
		};
		67CDD0A22B16283C006DD818 /* Debug */ = {
			isa = XCBuildConfiguration;
			buildSettings = {
				ALWAYS_EMBED_SWIFT_STANDARD_LIBRARIES = YES;
				CODE_SIGN_STYLE = Automatic;
				CURRENT_PROJECT_VERSION = 1;
				DEVELOPMENT_TEAM = 8G9QJBS8AT;
				GENERATE_INFOPLIST_FILE = YES;
				MARKETING_VERSION = 1.0;
				PRODUCT_BUNDLE_IDENTIFIER = "practice.Voice-RecordingUITests";
				PRODUCT_NAME = "$(TARGET_NAME)";
				SWIFT_EMIT_LOC_STRINGS = NO;
				SWIFT_VERSION = 5.0;
				TARGETED_DEVICE_FAMILY = "1,2";
				TEST_TARGET_NAME = Voice_Recording;
			};
			name = Debug;
		};
		67CDD0A32B16283C006DD818 /* Release */ = {
			isa = XCBuildConfiguration;
			buildSettings = {
				ALWAYS_EMBED_SWIFT_STANDARD_LIBRARIES = YES;
				CODE_SIGN_STYLE = Automatic;
				CURRENT_PROJECT_VERSION = 1;
				DEVELOPMENT_TEAM = 8G9QJBS8AT;
				GENERATE_INFOPLIST_FILE = YES;
				MARKETING_VERSION = 1.0;
				PRODUCT_BUNDLE_IDENTIFIER = "practice.Voice-RecordingUITests";
				PRODUCT_NAME = "$(TARGET_NAME)";
				SWIFT_EMIT_LOC_STRINGS = NO;
				SWIFT_VERSION = 5.0;
				TARGETED_DEVICE_FAMILY = "1,2";
				TEST_TARGET_NAME = Voice_Recording;
			};
			name = Release;
		};
/* End XCBuildConfiguration section */

/* Begin XCConfigurationList section */
		67CDD0722B16283B006DD818 /* Build configuration list for PBXProject "Voice_Recording" */ = {
			isa = XCConfigurationList;
			buildConfigurations = (
				67CDD0992B16283C006DD818 /* Debug */,
				67CDD09A2B16283C006DD818 /* Release */,
			);
			defaultConfigurationIsVisible = 0;
			defaultConfigurationName = Release;
		};
		67CDD09B2B16283C006DD818 /* Build configuration list for PBXNativeTarget "Voice_Recording" */ = {
			isa = XCConfigurationList;
			buildConfigurations = (
				67CDD09C2B16283C006DD818 /* Debug */,
				67CDD09D2B16283C006DD818 /* Release */,
			);
			defaultConfigurationIsVisible = 0;
			defaultConfigurationName = Release;
		};
		67CDD09E2B16283C006DD818 /* Build configuration list for PBXNativeTarget "Voice_RecordingTests" */ = {
			isa = XCConfigurationList;
			buildConfigurations = (
				67CDD09F2B16283C006DD818 /* Debug */,
				67CDD0A02B16283C006DD818 /* Release */,
			);
			defaultConfigurationIsVisible = 0;
			defaultConfigurationName = Release;
		};
		67CDD0A12B16283C006DD818 /* Build configuration list for PBXNativeTarget "Voice_RecordingUITests" */ = {
			isa = XCConfigurationList;
			buildConfigurations = (
				67CDD0A22B16283C006DD818 /* Debug */,
				67CDD0A32B16283C006DD818 /* Release */,
			);
			defaultConfigurationIsVisible = 0;
			defaultConfigurationName = Release;
		};
/* End XCConfigurationList section */
	};
	rootObject = 67CDD06F2B16283B006DD818 /* Project object */;
}
